<?xml version="1.0" encoding="UTF-8" standalone="yes" ?>
<CodeBlocks_project_file>
	<FileVersion major="1" minor="6" />
	<Project>
		<Option title="lidarProtocolHandler" />
		<Option pch_mode="2" />
		<Option compiler="gcc" />
		<Build>
			<Target title="Debug">
				<Option output="bin/Debug/lidarProtocolHandler" prefix_auto="1" extension_auto="1" />
				<Option object_output="obj/Debug/" />
				<Option type="1" />
				<Option compiler="gcc" />
				<Compiler>
					<Add option="-g" />
				</Compiler>
			</Target>
			<Target title="Release">
				<Option output="bin/Release/lidarProtocolHandler" prefix_auto="1" extension_auto="1" />
				<Option object_output="obj/Release/" />
				<Option type="1" />
				<Option compiler="gcc" />
				<Compiler>
					<Add option="-O2" />
				</Compiler>
				<Linker>
					<Add option="-s" />
				</Linker>
			</Target>
		</Build>
		<Compiler>
			<Add option="-Wall" />
			<Add directory="../../../../../../../Program Files/MATLAB/R2023a/extern/include" />
		</Compiler>
		<Linker>
			<Add directory="../../../../../../../Program Files/MATLAB/R2023a/extern/include" />
		</Linker>
		<Unit filename="FilterCoefs/wr_dFormFilterCof.h" />
		<Unit filename="FilterCoefs/wr_qFormFilterCof.h" />
		<Unit filename="filterConfig.h" />
		<Unit filename="filter_FIR.c">
			<Option compilerVar="CC" />
		</Unit>
		<Unit filename="filter_FIR.h" />
		<Unit filename="ioModul.c">
			<Option compilerVar="CC" />
		</Unit>
		<Unit filename="ioModul.h" />
		<Unit filename="lib/asciiTable.h" />
		<Unit filename="lib/crcCalculator.c">
			<Option compilerVar="CC" />
		</Unit>
		<Unit filename="lib/crcCalculator.h" />
		<Unit filename="main.c">
			<Option compilerVar="CC" />
		</Unit>
		<Unit filename="protocol.c">
			<Option compilerVar="CC" />
		</Unit>
		<Unit filename="protocol.h" />
		<Extensions>
			<lib_finder disable_auto="1" />
		</Extensions>
	</Project>
</CodeBlocks_project_file>
